
Microsoft Visual Studio Solution File, Format Version 12.00
# Visual Studio Version 17
VisualStudioVersion = 17.5.33516.290
MinimumVisualStudioVersion = 10.0.40219.1
Project("{9A19103F-16F7-4668-BE54-9A1E7A4F7556}") = "EntranceGuardClient", "EntranceGuardClient\Main\EntranceGuardClient.csproj", "{00C5188E-6A02-4BF5-A27F-CABBEA99E372}"
EndProject
Project("{9A19103F-16F7-4668-BE54-9A1E7A4F7556}") = "AJWPFAdmin.Core", "AJWPFAdmin.Core\AJWPFAdmin.Core.csproj", "{7C9F1D96-6FE4-4A6A-B403-8E961E096959}"
EndProject
Project("{9A19103F-16F7-4668-BE54-9A1E7A4F7556}") = "AJWPFAdmin.Services", "Services\AJWPFAdmin.Services\AJWPFAdmin.Services.csproj", "{00CC269C-8CC4-42B4-9A22-09242399DEC8}"
EndProject
Project("{54435603-DBB4-11D2-8724-00A0C9A8B90C}") = "Installer", "Installer\Installer.vdproj", "{F0B2931D-CB19-47BD-89B3-D2AD754DB006}"
EndProject
Project("{9A19103F-16F7-4668-BE54-9A1E7A4F7556}") = "MaterialDesignExtensions", "MaterialDesignExtensions\MaterialDesignExtensions.csproj", "{E6247691-24FD-41B7-8B84-E2C3AACD2DB2}"
EndProject
Project("{9A19103F-16F7-4668-BE54-9A1E7A4F7556}") = "EntranceGuardManager", "EntranceGuardManager\Main\EntranceGuardManager.csproj", "{EEB9FE1C-2F63-488A-8DF1-88354179754B}"
EndProject
Project("{2150E333-8FDC-42A3-9474-1A3956D46DE8}") = "Modules", "Modules", "{4A914D99-BCE5-4778-8198-BB763A408F97}"
EndProject
Project("{2150E333-8FDC-42A3-9474-1A3956D46DE8}") = "Client", "Client", "{6C7DC81A-ABCD-4B73-B278-4CEA9D70CA8C}"
EndProject
Project("{9A19103F-16F7-4668-BE54-9A1E7A4F7556}") = "AJWPFAdmin.Modules.Main", "EntranceGuardClient\Modules\AJWPFAdmin.Modules.Main\AJWPFAdmin.Modules.Main.csproj", "{36441451-D35E-4F40-8ECB-E5474B8950B0}"
EndProject
Project("{9A19103F-16F7-4668-BE54-9A1E7A4F7556}") = "AJWPFAdmin.Modules.SideMenu", "EntranceGuardClient\Modules\AJWPFAdmin.Modules.SideMenu\AJWPFAdmin.Modules.SideMenu.csproj", "{478CF0E6-84F6-4B71-80B5-5E09579F9378}"
EndProject
Project("{2150E333-8FDC-42A3-9474-1A3956D46DE8}") = "Manager", "Manager", "{6A20136C-8368-4AA9-8F23-9768BAC1A597}"
EndProject
Project("{9A19103F-16F7-4668-BE54-9A1E7A4F7556}") = "EntranceGuardManager.Modules.Main", "EntranceGuardManager\Modules\EntranceGuardManager.Modules.Main\EntranceGuardManager.Modules.Main.csproj", "{E0D9B071-B393-4D88-9497-A576E9059FFE}"
EndProject
Project("{9A19103F-16F7-4668-BE54-9A1E7A4F7556}") = "EntranceGuardManager.Modules.SideMenu", "EntranceGuardManager\Modules\EntranceGuardManager.Modules.SideMenu\EntranceGuardManager.Modules.SideMenu.csproj", "{41187902-8D88-4442-87D5-16DB90649FD9}"
EndProject
Project("{2150E333-8FDC-42A3-9474-1A3956D46DE8}") = "Common", "Common", "{DCC1EB5C-9091-4A73-A85C-2125ECB342B2}"
EndProject
Project("{9A19103F-16F7-4668-BE54-9A1E7A4F7556}") = "AJWPFAdmin.Modules.Common", "Modules\Common\AJWPFAdmin.Modules.Common\AJWPFAdmin.Modules.Common.csproj", "{597F270F-34A5-4175-BD55-CF7B53A79AFD}"
EndProject
Project("{2150E333-8FDC-42A3-9474-1A3956D46DE8}") = "Statistic", "Statistic", "{BAC912F1-B832-4EA0-96EE-A15211171FF5}"
EndProject
Project("{9A19103F-16F7-4668-BE54-9A1E7A4F7556}") = "EntranceGuardStatistic", "EntranceGuardStatistic\Main\EntranceGuardStatistic.csproj", "{D89E881F-ACB0-4739-91F7-746992BB6C6C}"
EndProject
Project("{9A19103F-16F7-4668-BE54-9A1E7A4F7556}") = "EntranceGuardStatistic.Modules.Main", "EntranceGuardStatistic\Modules\EntranceGuardStatistic.Modules.Main\EntranceGuardStatistic.Modules.Main.csproj", "{08252B38-EDE6-4C6F-A108-294A1F4B18A0}"
EndProject
Project("{FAE04EC0-301F-11D3-BF4B-00C04F79EFBC}") = "WebService", "Services\WebService\WebService.csproj", "{E06DBA93-AF1F-4AC3-8B08-B2496667A146}"
EndProject
Global
	GlobalSection(SolutionConfigurationPlatforms) = preSolution
		All|Any CPU = All|Any CPU
		All|x64 = All|x64
		Debug|Any CPU = Debug|Any CPU
		Debug|x64 = Debug|x64
		Release|Any CPU = Release|Any CPU
		Release|x64 = Release|x64
	EndGlobalSection
	GlobalSection(ProjectConfigurationPlatforms) = postSolution
		{00C5188E-6A02-4BF5-A27F-CABBEA99E372}.All|Any CPU.ActiveCfg = Release|Any CPU
		{00C5188E-6A02-4BF5-A27F-CABBEA99E372}.All|Any CPU.Build.0 = Release|Any CPU
		{00C5188E-6A02-4BF5-A27F-CABBEA99E372}.All|x64.ActiveCfg = Debug|x64
		{00C5188E-6A02-4BF5-A27F-CABBEA99E372}.All|x64.Build.0 = Debug|x64
		{00C5188E-6A02-4BF5-A27F-CABBEA99E372}.Debug|Any CPU.ActiveCfg = Debug|Any CPU
		{00C5188E-6A02-4BF5-A27F-CABBEA99E372}.Debug|Any CPU.Build.0 = Debug|Any CPU
		{00C5188E-6A02-4BF5-A27F-CABBEA99E372}.Debug|x64.ActiveCfg = Debug|x64
		{00C5188E-6A02-4BF5-A27F-CABBEA99E372}.Debug|x64.Build.0 = Debug|x64
		{00C5188E-6A02-4BF5-A27F-CABBEA99E372}.Release|Any CPU.ActiveCfg = Release|Any CPU
		{00C5188E-6A02-4BF5-A27F-CABBEA99E372}.Release|Any CPU.Build.0 = Release|Any CPU
		{00C5188E-6A02-4BF5-A27F-CABBEA99E372}.Release|x64.ActiveCfg = Release|x64
		{00C5188E-6A02-4BF5-A27F-CABBEA99E372}.Release|x64.Build.0 = Release|x64
		{7C9F1D96-6FE4-4A6A-B403-8E961E096959}.All|Any CPU.ActiveCfg = Release|Any CPU
		{7C9F1D96-6FE4-4A6A-B403-8E961E096959}.All|Any CPU.Build.0 = Release|Any CPU
		{7C9F1D96-6FE4-4A6A-B403-8E961E096959}.All|x64.ActiveCfg = Debug|x64
		{7C9F1D96-6FE4-4A6A-B403-8E961E096959}.All|x64.Build.0 = Debug|x64
		{7C9F1D96-6FE4-4A6A-B403-8E961E096959}.Debug|Any CPU.ActiveCfg = Debug|Any CPU
		{7C9F1D96-6FE4-4A6A-B403-8E961E096959}.Debug|Any CPU.Build.0 = Debug|Any CPU
		{7C9F1D96-6FE4-4A6A-B403-8E961E096959}.Debug|x64.ActiveCfg = Debug|x64
		{7C9F1D96-6FE4-4A6A-B403-8E961E096959}.Debug|x64.Build.0 = Debug|x64
		{7C9F1D96-6FE4-4A6A-B403-8E961E096959}.Release|Any CPU.ActiveCfg = Release|Any CPU
		{7C9F1D96-6FE4-4A6A-B403-8E961E096959}.Release|Any CPU.Build.0 = Release|Any CPU
		{7C9F1D96-6FE4-4A6A-B403-8E961E096959}.Release|x64.ActiveCfg = Release|x64
		{7C9F1D96-6FE4-4A6A-B403-8E961E096959}.Release|x64.Build.0 = Release|x64
		{00CC269C-8CC4-42B4-9A22-09242399DEC8}.All|Any CPU.ActiveCfg = Release|Any CPU
		{00CC269C-8CC4-42B4-9A22-09242399DEC8}.All|Any CPU.Build.0 = Release|Any CPU
		{00CC269C-8CC4-42B4-9A22-09242399DEC8}.All|x64.ActiveCfg = Debug|x64
		{00CC269C-8CC4-42B4-9A22-09242399DEC8}.All|x64.Build.0 = Debug|x64
		{00CC269C-8CC4-42B4-9A22-09242399DEC8}.Debug|Any CPU.ActiveCfg = Debug|Any CPU
		{00CC269C-8CC4-42B4-9A22-09242399DEC8}.Debug|Any CPU.Build.0 = Debug|Any CPU
		{00CC269C-8CC4-42B4-9A22-09242399DEC8}.Debug|x64.ActiveCfg = Debug|x64
		{00CC269C-8CC4-42B4-9A22-09242399DEC8}.Debug|x64.Build.0 = Debug|x64
		{00CC269C-8CC4-42B4-9A22-09242399DEC8}.Release|Any CPU.ActiveCfg = Release|Any CPU
		{00CC269C-8CC4-42B4-9A22-09242399DEC8}.Release|Any CPU.Build.0 = Release|Any CPU
		{00CC269C-8CC4-42B4-9A22-09242399DEC8}.Release|x64.ActiveCfg = Release|x64
		{00CC269C-8CC4-42B4-9A22-09242399DEC8}.Release|x64.Build.0 = Release|x64
		{F0B2931D-CB19-47BD-89B3-D2AD754DB006}.All|Any CPU.ActiveCfg = Debug
		{F0B2931D-CB19-47BD-89B3-D2AD754DB006}.All|x64.ActiveCfg = Release
		{F0B2931D-CB19-47BD-89B3-D2AD754DB006}.Debug|Any CPU.ActiveCfg = Debug
		{F0B2931D-CB19-47BD-89B3-D2AD754DB006}.Debug|x64.ActiveCfg = Debug
		{F0B2931D-CB19-47BD-89B3-D2AD754DB006}.Release|Any CPU.ActiveCfg = Release
		{F0B2931D-CB19-47BD-89B3-D2AD754DB006}.Release|x64.ActiveCfg = Release
		{E6247691-24FD-41B7-8B84-E2C3AACD2DB2}.All|Any CPU.ActiveCfg = Debug|Any CPU
		{E6247691-24FD-41B7-8B84-E2C3AACD2DB2}.All|Any CPU.Build.0 = Debug|Any CPU
		{E6247691-24FD-41B7-8B84-E2C3AACD2DB2}.All|x64.ActiveCfg = Debug|x64
		{E6247691-24FD-41B7-8B84-E2C3AACD2DB2}.All|x64.Build.0 = Debug|x64
		{E6247691-24FD-41B7-8B84-E2C3AACD2DB2}.Debug|Any CPU.ActiveCfg = Debug|Any CPU
		{E6247691-24FD-41B7-8B84-E2C3AACD2DB2}.Debug|Any CPU.Build.0 = Debug|Any CPU
		{E6247691-24FD-41B7-8B84-E2C3AACD2DB2}.Debug|x64.ActiveCfg = Debug|x64
		{E6247691-24FD-41B7-8B84-E2C3AACD2DB2}.Debug|x64.Build.0 = Debug|x64
		{E6247691-24FD-41B7-8B84-E2C3AACD2DB2}.Release|Any CPU.ActiveCfg = Release|Any CPU
		{E6247691-24FD-41B7-8B84-E2C3AACD2DB2}.Release|Any CPU.Build.0 = Release|Any CPU
		{E6247691-24FD-41B7-8B84-E2C3AACD2DB2}.Release|x64.ActiveCfg = Release|x64
		{E6247691-24FD-41B7-8B84-E2C3AACD2DB2}.Release|x64.Build.0 = Release|x64
		{EEB9FE1C-2F63-488A-8DF1-88354179754B}.All|Any CPU.ActiveCfg = Debug|Any CPU
		{EEB9FE1C-2F63-488A-8DF1-88354179754B}.All|Any CPU.Build.0 = Debug|Any CPU
		{EEB9FE1C-2F63-488A-8DF1-88354179754B}.All|x64.ActiveCfg = Debug|x64
		{EEB9FE1C-2F63-488A-8DF1-88354179754B}.All|x64.Build.0 = Debug|x64
		{EEB9FE1C-2F63-488A-8DF1-88354179754B}.Debug|Any CPU.ActiveCfg = Debug|Any CPU
		{EEB9FE1C-2F63-488A-8DF1-88354179754B}.Debug|Any CPU.Build.0 = Debug|Any CPU
		{EEB9FE1C-2F63-488A-8DF1-88354179754B}.Debug|x64.ActiveCfg = Debug|x64
		{EEB9FE1C-2F63-488A-8DF1-88354179754B}.Debug|x64.Build.0 = Debug|x64
		{EEB9FE1C-2F63-488A-8DF1-88354179754B}.Release|Any CPU.ActiveCfg = Release|Any CPU
		{EEB9FE1C-2F63-488A-8DF1-88354179754B}.Release|Any CPU.Build.0 = Release|Any CPU
		{EEB9FE1C-2F63-488A-8DF1-88354179754B}.Release|x64.ActiveCfg = Release|x64
		{EEB9FE1C-2F63-488A-8DF1-88354179754B}.Release|x64.Build.0 = Release|x64
		{36441451-D35E-4F40-8ECB-E5474B8950B0}.All|Any CPU.ActiveCfg = Debug|Any CPU
		{36441451-D35E-4F40-8ECB-E5474B8950B0}.All|Any CPU.Build.0 = Debug|Any CPU
		{36441451-D35E-4F40-8ECB-E5474B8950B0}.All|x64.ActiveCfg = Debug|x64
		{36441451-D35E-4F40-8ECB-E5474B8950B0}.All|x64.Build.0 = Debug|x64
		{36441451-D35E-4F40-8ECB-E5474B8950B0}.Debug|Any CPU.ActiveCfg = Debug|Any CPU
		{36441451-D35E-4F40-8ECB-E5474B8950B0}.Debug|Any CPU.Build.0 = Debug|Any CPU
		{36441451-D35E-4F40-8ECB-E5474B8950B0}.Debug|x64.ActiveCfg = Debug|x64
		{36441451-D35E-4F40-8ECB-E5474B8950B0}.Debug|x64.Build.0 = Debug|x64
		{36441451-D35E-4F40-8ECB-E5474B8950B0}.Release|Any CPU.ActiveCfg = Release|Any CPU
		{36441451-D35E-4F40-8ECB-E5474B8950B0}.Release|Any CPU.Build.0 = Release|Any CPU
		{36441451-D35E-4F40-8ECB-E5474B8950B0}.Release|x64.ActiveCfg = Release|x64
		{36441451-D35E-4F40-8ECB-E5474B8950B0}.Release|x64.Build.0 = Release|x64
		{478CF0E6-84F6-4B71-80B5-5E09579F9378}.All|Any CPU.ActiveCfg = Debug|Any CPU
		{478CF0E6-84F6-4B71-80B5-5E09579F9378}.All|Any CPU.Build.0 = Debug|Any CPU
		{478CF0E6-84F6-4B71-80B5-5E09579F9378}.All|x64.ActiveCfg = Debug|x64
		{478CF0E6-84F6-4B71-80B5-5E09579F9378}.All|x64.Build.0 = Debug|x64
		{478CF0E6-84F6-4B71-80B5-5E09579F9378}.Debug|Any CPU.ActiveCfg = Debug|Any CPU
		{478CF0E6-84F6-4B71-80B5-5E09579F9378}.Debug|Any CPU.Build.0 = Debug|Any CPU
		{478CF0E6-84F6-4B71-80B5-5E09579F9378}.Debug|x64.ActiveCfg = Debug|x64
		{478CF0E6-84F6-4B71-80B5-5E09579F9378}.Debug|x64.Build.0 = Debug|x64
		{478CF0E6-84F6-4B71-80B5-5E09579F9378}.Release|Any CPU.ActiveCfg = Release|Any CPU
		{478CF0E6-84F6-4B71-80B5-5E09579F9378}.Release|Any CPU.Build.0 = Release|Any CPU
		{478CF0E6-84F6-4B71-80B5-5E09579F9378}.Release|x64.ActiveCfg = Release|x64
		{478CF0E6-84F6-4B71-80B5-5E09579F9378}.Release|x64.Build.0 = Release|x64
		{E0D9B071-B393-4D88-9497-A576E9059FFE}.All|Any CPU.ActiveCfg = Debug|Any CPU
		{E0D9B071-B393-4D88-9497-A576E9059FFE}.All|Any CPU.Build.0 = Debug|Any CPU
		{E0D9B071-B393-4D88-9497-A576E9059FFE}.All|x64.ActiveCfg = Debug|x64
		{E0D9B071-B393-4D88-9497-A576E9059FFE}.All|x64.Build.0 = Debug|x64
		{E0D9B071-B393-4D88-9497-A576E9059FFE}.Debug|Any CPU.ActiveCfg = Debug|Any CPU
		{E0D9B071-B393-4D88-9497-A576E9059FFE}.Debug|Any CPU.Build.0 = Debug|Any CPU
		{E0D9B071-B393-4D88-9497-A576E9059FFE}.Debug|x64.ActiveCfg = Debug|x64
		{E0D9B071-B393-4D88-9497-A576E9059FFE}.Debug|x64.Build.0 = Debug|x64
		{E0D9B071-B393-4D88-9497-A576E9059FFE}.Release|Any CPU.ActiveCfg = Release|Any CPU
		{E0D9B071-B393-4D88-9497-A576E9059FFE}.Release|Any CPU.Build.0 = Release|Any CPU
		{E0D9B071-B393-4D88-9497-A576E9059FFE}.Release|x64.ActiveCfg = Release|x64
		{E0D9B071-B393-4D88-9497-A576E9059FFE}.Release|x64.Build.0 = Release|x64
		{41187902-8D88-4442-87D5-16DB90649FD9}.All|Any CPU.ActiveCfg = Debug|Any CPU
		{41187902-8D88-4442-87D5-16DB90649FD9}.All|Any CPU.Build.0 = Debug|Any CPU
		{41187902-8D88-4442-87D5-16DB90649FD9}.All|x64.ActiveCfg = Debug|x64
		{41187902-8D88-4442-87D5-16DB90649FD9}.All|x64.Build.0 = Debug|x64
		{41187902-8D88-4442-87D5-16DB90649FD9}.Debug|Any CPU.ActiveCfg = Debug|Any CPU
		{41187902-8D88-4442-87D5-16DB90649FD9}.Debug|Any CPU.Build.0 = Debug|Any CPU
		{41187902-8D88-4442-87D5-16DB90649FD9}.Debug|x64.ActiveCfg = Debug|x64
		{41187902-8D88-4442-87D5-16DB90649FD9}.Debug|x64.Build.0 = Debug|x64
		{41187902-8D88-4442-87D5-16DB90649FD9}.Release|Any CPU.ActiveCfg = Release|Any CPU
		{41187902-8D88-4442-87D5-16DB90649FD9}.Release|Any CPU.Build.0 = Release|Any CPU
		{41187902-8D88-4442-87D5-16DB90649FD9}.Release|x64.ActiveCfg = Release|x64
		{41187902-8D88-4442-87D5-16DB90649FD9}.Release|x64.Build.0 = Release|x64
		{597F270F-34A5-4175-BD55-CF7B53A79AFD}.All|Any CPU.ActiveCfg = Debug|Any CPU
		{597F270F-34A5-4175-BD55-CF7B53A79AFD}.All|Any CPU.Build.0 = Debug|Any CPU
		{597F270F-34A5-4175-BD55-CF7B53A79AFD}.All|x64.ActiveCfg = Debug|Any CPU
		{597F270F-34A5-4175-BD55-CF7B53A79AFD}.All|x64.Build.0 = Debug|Any CPU
		{597F270F-34A5-4175-BD55-CF7B53A79AFD}.Debug|Any CPU.ActiveCfg = Debug|Any CPU
		{597F270F-34A5-4175-BD55-CF7B53A79AFD}.Debug|Any CPU.Build.0 = Debug|Any CPU
		{597F270F-34A5-4175-BD55-CF7B53A79AFD}.Debug|x64.ActiveCfg = Debug|Any CPU
		{597F270F-34A5-4175-BD55-CF7B53A79AFD}.Debug|x64.Build.0 = Debug|Any CPU
		{597F270F-34A5-4175-BD55-CF7B53A79AFD}.Release|Any CPU.ActiveCfg = Release|Any CPU
		{597F270F-34A5-4175-BD55-CF7B53A79AFD}.Release|Any CPU.Build.0 = Release|Any CPU
		{597F270F-34A5-4175-BD55-CF7B53A79AFD}.Release|x64.ActiveCfg = Release|Any CPU
		{597F270F-34A5-4175-BD55-CF7B53A79AFD}.Release|x64.Build.0 = Release|Any CPU
		{D89E881F-ACB0-4739-91F7-746992BB6C6C}.All|Any CPU.ActiveCfg = Debug|Any CPU
		{D89E881F-ACB0-4739-91F7-746992BB6C6C}.All|Any CPU.Build.0 = Debug|Any CPU
		{D89E881F-ACB0-4739-91F7-746992BB6C6C}.All|x64.ActiveCfg = Debug|Any CPU
		{D89E881F-ACB0-4739-91F7-746992BB6C6C}.All|x64.Build.0 = Debug|Any CPU
		{D89E881F-ACB0-4739-91F7-746992BB6C6C}.Debug|Any CPU.ActiveCfg = Debug|Any CPU
		{D89E881F-ACB0-4739-91F7-746992BB6C6C}.Debug|Any CPU.Build.0 = Debug|Any CPU
		{D89E881F-ACB0-4739-91F7-746992BB6C6C}.Debug|x64.ActiveCfg = Debug|Any CPU
		{D89E881F-ACB0-4739-91F7-746992BB6C6C}.Debug|x64.Build.0 = Debug|Any CPU
		{D89E881F-ACB0-4739-91F7-746992BB6C6C}.Release|Any CPU.ActiveCfg = Release|Any CPU
		{D89E881F-ACB0-4739-91F7-746992BB6C6C}.Release|Any CPU.Build.0 = Release|Any CPU
		{D89E881F-ACB0-4739-91F7-746992BB6C6C}.Release|x64.ActiveCfg = Release|Any CPU
		{D89E881F-ACB0-4739-91F7-746992BB6C6C}.Release|x64.Build.0 = Release|Any CPU
		{08252B38-EDE6-4C6F-A108-294A1F4B18A0}.All|Any CPU.ActiveCfg = Debug|Any CPU
		{08252B38-EDE6-4C6F-A108-294A1F4B18A0}.All|Any CPU.Build.0 = Debug|Any CPU
		{08252B38-EDE6-4C6F-A108-294A1F4B18A0}.All|x64.ActiveCfg = Debug|Any CPU
		{08252B38-EDE6-4C6F-A108-294A1F4B18A0}.All|x64.Build.0 = Debug|Any CPU
		{08252B38-EDE6-4C6F-A108-294A1F4B18A0}.Debug|Any CPU.ActiveCfg = Debug|Any CPU
		{08252B38-EDE6-4C6F-A108-294A1F4B18A0}.Debug|Any CPU.Build.0 = Debug|Any CPU
		{08252B38-EDE6-4C6F-A108-294A1F4B18A0}.Debug|x64.ActiveCfg = Debug|Any CPU
		{08252B38-EDE6-4C6F-A108-294A1F4B18A0}.Debug|x64.Build.0 = Debug|Any CPU
		{08252B38-EDE6-4C6F-A108-294A1F4B18A0}.Release|Any CPU.ActiveCfg = Release|Any CPU
		{08252B38-EDE6-4C6F-A108-294A1F4B18A0}.Release|Any CPU.Build.0 = Release|Any CPU
		{08252B38-EDE6-4C6F-A108-294A1F4B18A0}.Release|x64.ActiveCfg = Release|Any CPU
		{08252B38-EDE6-4C6F-A108-294A1F4B18A0}.Release|x64.Build.0 = Release|Any CPU
		{E06DBA93-AF1F-4AC3-8B08-B2496667A146}.All|Any CPU.ActiveCfg = Debug|Any CPU
		{E06DBA93-AF1F-4AC3-8B08-B2496667A146}.All|Any CPU.Build.0 = Debug|Any CPU
		{E06DBA93-AF1F-4AC3-8B08-B2496667A146}.All|x64.ActiveCfg = Debug|Any CPU
		{E06DBA93-AF1F-4AC3-8B08-B2496667A146}.All|x64.Build.0 = Debug|Any CPU
		{E06DBA93-AF1F-4AC3-8B08-B2496667A146}.Debug|Any CPU.ActiveCfg = Debug|Any CPU
		{E06DBA93-AF1F-4AC3-8B08-B2496667A146}.Debug|Any CPU.Build.0 = Debug|Any CPU
		{E06DBA93-AF1F-4AC3-8B08-B2496667A146}.Debug|x64.ActiveCfg = Debug|Any CPU
		{E06DBA93-AF1F-4AC3-8B08-B2496667A146}.Debug|x64.Build.0 = Debug|Any CPU
		{E06DBA93-AF1F-4AC3-8B08-B2496667A146}.Release|Any CPU.ActiveCfg = Release|Any CPU
		{E06DBA93-AF1F-4AC3-8B08-B2496667A146}.Release|Any CPU.Build.0 = Release|Any CPU
		{E06DBA93-AF1F-4AC3-8B08-B2496667A146}.Release|x64.ActiveCfg = Release|Any CPU
		{E06DBA93-AF1F-4AC3-8B08-B2496667A146}.Release|x64.Build.0 = Release|Any CPU
	EndGlobalSection
	GlobalSection(SolutionProperties) = preSolution
		HideSolutionNode = FALSE
	EndGlobalSection
	GlobalSection(NestedProjects) = preSolution
		{6C7DC81A-ABCD-4B73-B278-4CEA9D70CA8C} = {4A914D99-BCE5-4778-8198-BB763A408F97}
		{36441451-D35E-4F40-8ECB-E5474B8950B0} = {6C7DC81A-ABCD-4B73-B278-4CEA9D70CA8C}
		{478CF0E6-84F6-4B71-80B5-5E09579F9378} = {6C7DC81A-ABCD-4B73-B278-4CEA9D70CA8C}
		{6A20136C-8368-4AA9-8F23-9768BAC1A597} = {4A914D99-BCE5-4778-8198-BB763A408F97}
		{E0D9B071-B393-4D88-9497-A576E9059FFE} = {6A20136C-8368-4AA9-8F23-9768BAC1A597}
		{41187902-8D88-4442-87D5-16DB90649FD9} = {6A20136C-8368-4AA9-8F23-9768BAC1A597}
		{DCC1EB5C-9091-4A73-A85C-2125ECB342B2} = {4A914D99-BCE5-4778-8198-BB763A408F97}
		{597F270F-34A5-4175-BD55-CF7B53A79AFD} = {DCC1EB5C-9091-4A73-A85C-2125ECB342B2}
		{BAC912F1-B832-4EA0-96EE-A15211171FF5} = {4A914D99-BCE5-4778-8198-BB763A408F97}
		{08252B38-EDE6-4C6F-A108-294A1F4B18A0} = {BAC912F1-B832-4EA0-96EE-A15211171FF5}
	EndGlobalSection
	GlobalSection(ExtensibilityGlobals) = postSolution
		SolutionGuid = {A4F7D0D6-5C8C-4E30-AECD-C6385648B238}
	EndGlobalSection
EndGlobal
